
Microsoft Visual Studio Solution File, Format Version 12.00
# Visual Studio 2012
Project("{8BC9CEB8-8B4A-11D0-8D11-00A0C91BC942}") = "win32Qserver", "win32Qserver\win32Qserver.vcxproj", "{18A1ACD6-F8B1-4F6D-9BF8-8928FCF0084F}"
EndProject
Global
	GlobalSection(SolutionConfigurationPlatforms) = preSolution
		Debug|Win32 = Debug|Win32
		Release|Win32 = Release|Win32
	EndGlobalSection
	GlobalSection(ProjectConfigurationPlatforms) = postSolution
		{18A1ACD6-F8B1-4F6D-9BF8-8928FCF0084F}.Debug|Win32.ActiveCfg = Debug|Win32
		{18A1ACD6-F8B1-4F6D-9BF8-8928FCF0084F}.Debug|Win32.Build.0 = Debug|Win32
		{18A1ACD6-F8B1-4F6D-9BF8-8928FCF0084F}.Release|Win32.ActiveCfg = Release|Win32
		{18A1ACD6-F8B1-4F6D-9BF8-8928FCF0084F}.Release|Win32.Build.0 = Release|Win32
	EndGlobalSection
	GlobalSection(SolutionProperties) = preSolution
		HideSolutionNode = FALSE
	EndGlobalSection
EndGlobal
